// !$*UTF8*$!
{
	archiveVersion = 1;
	classes = {
	};
	objectVersion = 56;
	objects = {

/* Begin PBXBuildFile section */
		761D48CF11CB0D14AA885A41 /* Pods_SurfTeamTestTask.framework in Frameworks */ = {isa = PBXBuildFile; fileRef = 77814958F6995AD6A9F2345A /* Pods_SurfTeamTestTask.framework */; };
		E9F0F82F298C451D00935A4C /* AppDelegate.swift in Sources */ = {isa = PBXBuildFile; fileRef = E9F0F82E298C451D00935A4C /* AppDelegate.swift */; };
		E9F0F833298C451D00935A4C /* ViewController.swift in Sources */ = {isa = PBXBuildFile; fileRef = E9F0F832298C451D00935A4C /* ViewController.swift */; };
		E9F0F838298C451E00935A4C /* Assets.xcassets in Resources */ = {isa = PBXBuildFile; fileRef = E9F0F837298C451E00935A4C /* Assets.xcassets */; };
		E9F0F83B298C451E00935A4C /* LaunchScreen.storyboard in Resources */ = {isa = PBXBuildFile; fileRef = E9F0F839298C451E00935A4C /* LaunchScreen.storyboard */; };
/* End PBXBuildFile section */

/* Begin PBXFileReference section */
		77814958F6995AD6A9F2345A /* Pods_SurfTeamTestTask.framework */ = {isa = PBXFileReference; explicitFileType = wrapper.framework; includeInIndex = 0; path = Pods_SurfTeamTestTask.framework; sourceTree = BUILT_PRODUCTS_DIR; };
		D7FD7BFF7677B582A031BFB4 /* Pods-SurfTeamTestTask.release.xcconfig */ = {isa = PBXFileReference; includeInIndex = 1; lastKnownFileType = text.xcconfig; name = "Pods-SurfTeamTestTask.release.xcconfig"; path = "Target Support Files/Pods-SurfTeamTestTask/Pods-SurfTeamTestTask.release.xcconfig"; sourceTree = "<group>"; };
		DF28C28D09AF3D8E91F3F84A /* Pods-SurfTeamTestTask.debug.xcconfig */ = {isa = PBXFileReference; includeInIndex = 1; lastKnownFileType = text.xcconfig; name = "Pods-SurfTeamTestTask.debug.xcconfig"; path = "Target Support Files/Pods-SurfTeamTestTask/Pods-SurfTeamTestTask.debug.xcconfig"; sourceTree = "<group>"; };
		E9F0F82B298C451D00935A4C /* SurfTeamTestTask.app */ = {isa = PBXFileReference; explicitFileType = wrapper.application; includeInIndex = 0; path = SurfTeamTestTask.app; sourceTree = BUILT_PRODUCTS_DIR; };
		E9F0F82E298C451D00935A4C /* AppDelegate.swift */ = {isa = PBXFileReference; lastKnownFileType = sourcecode.swift; path = AppDelegate.swift; sourceTree = "<group>"; };
		E9F0F832298C451D00935A4C /* ViewController.swift */ = {isa = PBXFileReference; lastKnownFileType = sourcecode.swift; path = ViewController.swift; sourceTree = "<group>"; };
		E9F0F837298C451E00935A4C /* Assets.xcassets */ = {isa = PBXFileReference; lastKnownFileType = folder.assetcatalog; path = Assets.xcassets; sourceTree = "<group>"; };
		E9F0F83A298C451E00935A4C /* Base */ = {isa = PBXFileReference; lastKnownFileType = file.storyboard; name = Base; path = Base.lproj/LaunchScreen.storyboard; sourceTree = "<group>"; };
		E9F0F83C298C451E00935A4C /* Info.plist */ = {isa = PBXFileReference; lastKnownFileType = text.plist.xml; path = Info.plist; sourceTree = "<group>"; };
/* End PBXFileReference section */

/* Begin PBXFrameworksBuildPhase section */
		E9F0F828298C451D00935A4C /* Frameworks */ = {
			isa = PBXFrameworksBuildPhase;
			buildActionMask = 2147483647;
			files = (
				761D48CF11CB0D14AA885A41 /* Pods_SurfTeamTestTask.framework in Frameworks */,
			);
			runOnlyForDeploymentPostprocessing = 0;
		};
/* End PBXFrameworksBuildPhase section */

/* Begin PBXGroup section */
		AE55ADDB847CB496BFB99A3D /* Pods */ = {
			isa = PBXGroup;
			children = (
				DF28C28D09AF3D8E91F3F84A /* Pods-SurfTeamTestTask.debug.xcconfig */,
				D7FD7BFF7677B582A031BFB4 /* Pods-SurfTeamTestTask.release.xcconfig */,
			);
			name = Pods;
			path = Pods;
			sourceTree = "<group>";
		};
		E69784E816E26B64FDE5173D /* Frameworks */ = {
			isa = PBXGroup;
			children = (
				77814958F6995AD6A9F2345A /* Pods_SurfTeamTestTask.framework */,
			);
			name = Frameworks;
			sourceTree = "<group>";
		};
		E9F0F822298C451D00935A4C = {
			isa = PBXGroup;
			children = (
				E9F0F82D298C451D00935A4C /* SurfTeamTestTask */,
				E9F0F82C298C451D00935A4C /* Products */,
				AE55ADDB847CB496BFB99A3D /* Pods */,
				E69784E816E26B64FDE5173D /* Frameworks */,
			);
			sourceTree = "<group>";
		};
		E9F0F82C298C451D00935A4C /* Products */ = {
			isa = PBXGroup;
			children = (
				E9F0F82B298C451D00935A4C /* SurfTeamTestTask.app */,
			);
			name = Products;
			sourceTree = "<group>";
		};
		E9F0F82D298C451D00935A4C /* SurfTeamTestTask */ = {
			isa = PBXGroup;
			children = (
				E9F0F842298C4DAC00935A4C /* Applications */,
				E9F0F843298C4DC400935A4C /* ViewController */,
				E9F0F844298C4EA900935A4C /* SupportingFiles */,
			);
			path = SurfTeamTestTask;
			sourceTree = "<group>";
		};
		E9F0F842298C4DAC00935A4C /* Applications */ = {
			isa = PBXGroup;
			children = (
				E9F0F82E298C451D00935A4C /* AppDelegate.swift */,
			);
			path = Applications;
			sourceTree = "<group>";
		};
		E9F0F843298C4DC400935A4C /* ViewController */ = {
			isa = PBXGroup;
			children = (
				E9F0F832298C451D00935A4C /* ViewController.swift */,
			);
			path = ViewController;
			sourceTree = "<group>";
		};
		E9F0F844298C4EA900935A4C /* SupportingFiles */ = {
			isa = PBXGroup;
			children = (
				E9F0F845298C4EB700935A4C /* Assets */,
				E9F0F839298C451E00935A4C /* LaunchScreen.storyboard */,
				E9F0F83C298C451E00935A4C /* Info.plist */,
			);
			path = SupportingFiles;
			sourceTree = "<group>";
		};
		E9F0F845298C4EB700935A4C /* Assets */ = {
			isa = PBXGroup;
			children = (
				E9F0F837298C451E00935A4C /* Assets.xcassets */,
			);
			path = Assets;
			sourceTree = "<group>";
		};
/* End PBXGroup section */

/* Begin PBXNativeTarget section */
		E9F0F82A298C451D00935A4C /* SurfTeamTestTask */ = {
			isa = PBXNativeTarget;
			buildConfigurationList = E9F0F83F298C451E00935A4C /* Build configuration list for PBXNativeTarget "SurfTeamTestTask" */;
			buildPhases = (
				4B58AEE7D351317563A49243 /* [CP] Check Pods Manifest.lock */,
				E9F0F827298C451D00935A4C /* Sources */,
				E9F0F828298C451D00935A4C /* Frameworks */,
				E9F0F829298C451D00935A4C /* Resources */,
				9013CC43C9A140A588AA0B0B /* [CP] Embed Pods Frameworks */,
			);
			buildRules = (
			);
			dependencies = (
			);
			name = SurfTeamTestTask;
			productName = SurfTeamTestTask;
			productReference = E9F0F82B298C451D00935A4C /* SurfTeamTestTask.app */;
			productType = "com.apple.product-type.application";
		};
/* End PBXNativeTarget section */

/* Begin PBXProject section */
		E9F0F823298C451D00935A4C /* Project object */ = {
			isa = PBXProject;
			attributes = {
				BuildIndependentTargetsInParallel = 1;
				LastSwiftUpdateCheck = 1420;
				LastUpgradeCheck = 1420;
				TargetAttributes = {
					E9F0F82A298C451D00935A4C = {
						CreatedOnToolsVersion = 14.2;
					};
				};
			};
			buildConfigurationList = E9F0F826298C451D00935A4C /* Build configuration list for PBXProject "SurfTeamTestTask" */;
			compatibilityVersion = "Xcode 14.0";
			developmentRegion = en;
			hasScannedForEncodings = 0;
			knownRegions = (
				en,
				Base,
			);
			mainGroup = E9F0F822298C451D00935A4C;
			productRefGroup = E9F0F82C298C451D00935A4C /* Products */;
			projectDirPath = "";
			projectRoot = "";
			targets = (
				E9F0F82A298C451D00935A4C /* SurfTeamTestTask */,
			);
		};
/* End PBXProject section */

/* Begin PBXResourcesBuildPhase section */
		E9F0F829298C451D00935A4C /* Resources */ = {
			isa = PBXResourcesBuildPhase;
			buildActionMask = 2147483647;
			files = (
				E9F0F83B298C451E00935A4C /* LaunchScreen.storyboard in Resources */,
				E9F0F838298C451E00935A4C /* Assets.xcassets in Resources */,
			);
			runOnlyForDeploymentPostprocessing = 0;
		};
/* End PBXResourcesBuildPhase section */

/* Begin PBXShellScriptBuildPhase section */
		4B58AEE7D351317563A49243 /* [CP] Check Pods Manifest.lock */ = {
			isa = PBXShellScriptBuildPhase;
			buildActionMask = 2147483647;
			files = (
			);
			inputFileListPaths = (
			);
			inputPaths = (
				"${PODS_PODFILE_DIR_PATH}/Podfile.lock",
				"${PODS_ROOT}/Manifest.lock",
			);
			name = "[CP] Check Pods Manifest.lock";
			outputFileListPaths = (
			);
			outputPaths = (
				"$(DERIVED_FILE_DIR)/Pods-SurfTeamTestTask-checkManifestLockResult.txt",
			);
			runOnlyForDeploymentPostprocessing = 0;
			shellPath = /bin/sh;
			shellScript = "diff \"${PODS_PODFILE_DIR_PATH}/Podfile.lock\" \"${PODS_ROOT}/Manifest.lock\" > /dev/null\nif [ $? != 0 ] ; then\n    # print error to STDERR\n    echo \"error: The sandbox is not in sync with the Podfile.lock. Run 'pod install' or update your CocoaPods installation.\" >&2\n    exit 1\nfi\n# This output is used by Xcode 'outputs' to avoid re-running this script phase.\necho \"SUCCESS\" > \"${SCRIPT_OUTPUT_FILE_0}\"\n";
			showEnvVarsInLog = 0;
		};
		9013CC43C9A140A588AA0B0B /* [CP] Embed Pods Frameworks */ = {
			isa = PBXShellScriptBuildPhase;
			buildActionMask = 2147483647;
			files = (
			);
			inputFileListPaths = (
				"${PODS_ROOT}/Target Support Files/Pods-SurfTeamTestTask/Pods-SurfTeamTestTask-frameworks-${CONFIGURATION}-input-files.xcfilelist",
			);
			name = "[CP] Embed Pods Frameworks";
			outputFileListPaths = (
				"${PODS_ROOT}/Target Support Files/Pods-SurfTeamTestTask/Pods-SurfTeamTestTask-frameworks-${CONFIGURATION}-output-files.xcfilelist",
			);
			runOnlyForDeploymentPostprocessing = 0;
			shellPath = /bin/sh;
			shellScript = "\"${PODS_ROOT}/Target Support Files/Pods-SurfTeamTestTask/Pods-SurfTeamTestTask-frameworks.sh\"\n";
			showEnvVarsInLog = 0;
		};
/* End PBXShellScriptBuildPhase section */

/* Begin PBXSourcesBuildPhase section */
		E9F0F827298C451D00935A4C /* Sources */ = {
			isa = PBXSourcesBuildPhase;
			buildActionMask = 2147483647;
			files = (
				E9F0F833298C451D00935A4C /* ViewController.swift in Sources */,
				E9F0F82F298C451D00935A4C /* AppDelegate.swift in Sources */,
			);
			runOnlyForDeploymentPostprocessing = 0;
		};
/* End PBXSourcesBuildPhase section */

/* Begin PBXVariantGroup section */
		E9F0F839298C451E00935A4C /* LaunchScreen.storyboard */ = {
			isa = PBXVariantGroup;
			children = (
				E9F0F83A298C451E00935A4C /* Base */,
			);
			name = LaunchScreen.storyboard;
			sourceTree = "<group>";
		};
/* End PBXVariantGroup section */

/* Begin XCBuildConfiguration section */
		E9F0F83D298C451E00935A4C /* Debug */ = {
			isa = XCBuildConfiguration;
			buildSettings = {
				ALWAYS_SEARCH_USER_PATHS = NO;
				CLANG_ANALYZER_NONNULL = YES;
				CLANG_ANALYZER_NUMBER_OBJECT_CONVERSION = YES_AGGRESSIVE;
				CLANG_CXX_LANGUAGE_STANDARD = "gnu++20";
				CLANG_ENABLE_MODULES = YES;
				CLANG_ENABLE_OBJC_ARC = YES;
				CLANG_ENABLE_OBJC_WEAK = YES;
				CLANG_WARN_BLOCK_CAPTURE_AUTORELEASING = YES;
				CLANG_WARN_BOOL_CONVERSION = YES;
				CLANG_WARN_COMMA = YES;
				CLANG_WARN_CONSTANT_CONVERSION = YES;
				CLANG_WARN_DEPRECATED_OBJC_IMPLEMENTATIONS = YES;
				CLANG_WARN_DIRECT_OBJC_ISA_USAGE = YES_ERROR;
				CLANG_WARN_DOCUMENTATION_COMMENTS = YES;
				CLANG_WARN_EMPTY_BODY = YES;
				CLANG_WARN_ENUM_CONVERSION = YES;
				CLANG_WARN_INFINITE_RECURSION = YES;
				CLANG_WARN_INT_CONVERSION = YES;
				CLANG_WARN_NON_LITERAL_NULL_CONVERSION = YES;
				CLANG_WARN_OBJC_IMPLICIT_RETAIN_SELF = YES;
				CLANG_WARN_OBJC_LITERAL_CONVERSION = YES;
				CLANG_WARN_OBJC_ROOT_CLASS = YES_ERROR;
				CLANG_WARN_QUOTED_INCLUDE_IN_FRAMEWORK_HEADER = YES;
				CLANG_WARN_RANGE_LOOP_ANALYSIS = YES;
				CLANG_WARN_STRICT_PROTOTYPES = YES;
				CLANG_WARN_SUSPICIOUS_MOVE = YES;
				CLANG_WARN_UNGUARDED_AVAILABILITY = YES_AGGRESSIVE;
				CLANG_WARN_UNREACHABLE_CODE = YES;
				CLANG_WARN__DUPLICATE_METHOD_MATCH = YES;
				COPY_PHASE_STRIP = NO;
				DEBUG_INFORMATION_FORMAT = dwarf;
				ENABLE_STRICT_OBJC_MSGSEND = YES;
				ENABLE_TESTABILITY = YES;
				GCC_C_LANGUAGE_STANDARD = gnu11;
				GCC_DYNAMIC_NO_PIC = NO;
				GCC_NO_COMMON_BLOCKS = YES;
				GCC_OPTIMIZATION_LEVEL = 0;
				GCC_PREPROCESSOR_DEFINITIONS = (
					"DEBUG=1",
					"$(inherited)",
				);
				GCC_WARN_64_TO_32_BIT_CONVERSION = YES;
				GCC_WARN_ABOUT_RETURN_TYPE = YES_ERROR;
				GCC_WARN_UNDECLARED_SELECTOR = YES;
				GCC_WARN_UNINITIALIZED_AUTOS = YES_AGGRESSIVE;
				GCC_WARN_UNUSED_FUNCTION = YES;
				GCC_WARN_UNUSED_VARIABLE = YES;
				INFOPLIST_FILE = "";
				IPHONEOS_DEPLOYMENT_TARGET = 16.2;
				MTL_ENABLE_DEBUG_INFO = INCLUDE_SOURCE;
				MTL_FAST_MATH = YES;
				ONLY_ACTIVE_ARCH = YES;
				SDKROOT = iphoneos;
				SWIFT_ACTIVE_COMPILATION_CONDITIONS = DEBUG;
				SWIFT_OPTIMIZATION_LEVEL = "-Onone";
			};
			name = Debug;
		};
		E9F0F83E298C451E00935A4C /* Release */ = {
			isa = XCBuildConfiguration;
			buildSettings = {
				ALWAYS_SEARCH_USER_PATHS = NO;
				CLANG_ANALYZER_NONNULL = YES;
				CLANG_ANALYZER_NUMBER_OBJECT_CONVERSION = YES_AGGRESSIVE;
				CLANG_CXX_LANGUAGE_STANDARD = "gnu++20";
				CLANG_ENABLE_MODULES = YES;
				CLANG_ENABLE_OBJC_ARC = YES;
				CLANG_ENABLE_OBJC_WEAK = YES;
				CLANG_WARN_BLOCK_CAPTURE_AUTORELEASING = YES;
				CLANG_WARN_BOOL_CONVERSION = YES;
				CLANG_WARN_COMMA = YES;
				CLANG_WARN_CONSTANT_CONVERSION = YES;
				CLANG_WARN_DEPRECATED_OBJC_IMPLEMENTATIONS = YES;
				CLANG_WARN_DIRECT_OBJC_ISA_USAGE = YES_ERROR;
				CLANG_WARN_DOCUMENTATION_COMMENTS = YES;
				CLANG_WARN_EMPTY_BODY = YES;
				CLANG_WARN_ENUM_CONVERSION = YES;
				CLANG_WARN_INFINITE_RECURSION = YES;
				CLANG_WARN_INT_CONVERSION = YES;
				CLANG_WARN_NON_LITERAL_NULL_CONVERSION = YES;
				CLANG_WARN_OBJC_IMPLICIT_RETAIN_SELF = YES;
				CLANG_WARN_OBJC_LITERAL_CONVERSION = YES;
				CLANG_WARN_OBJC_ROOT_CLASS = YES_ERROR;
				CLANG_WARN_QUOTED_INCLUDE_IN_FRAMEWORK_HEADER = YES;
				CLANG_WARN_RANGE_LOOP_ANALYSIS = YES;
				CLANG_WARN_STRICT_PROTOTYPES = YES;
				CLANG_WARN_SUSPICIOUS_MOVE = YES;
				CLANG_WARN_UNGUARDED_AVAILABILITY = YES_AGGRESSIVE;
				CLANG_WARN_UNREACHABLE_CODE = YES;
				CLANG_WARN__DUPLICATE_METHOD_MATCH = YES;
				COPY_PHASE_STRIP = NO;
				DEBUG_INFORMATION_FORMAT = "dwarf-with-dsym";
				ENABLE_NS_ASSERTIONS = NO;
				ENABLE_STRICT_OBJC_MSGSEND = YES;
				GCC_C_LANGUAGE_STANDARD = gnu11;
				GCC_NO_COMMON_BLOCKS = YES;
				GCC_WARN_64_TO_32_BIT_CONVERSION = YES;
				GCC_WARN_ABOUT_RETURN_TYPE = YES_ERROR;
				GCC_WARN_UNDECLARED_SELECTOR = YES;
				GCC_WARN_UNINITIALIZED_AUTOS = YES_AGGRESSIVE;
				GCC_WARN_UNUSED_FUNCTION = YES;
				GCC_WARN_UNUSED_VARIABLE = YES;
				INFOPLIST_FILE = "";
				IPHONEOS_DEPLOYMENT_TARGET = 16.2;
				MTL_ENABLE_DEBUG_INFO = NO;
				MTL_FAST_MATH = YES;
				SDKROOT = iphoneos;
				SWIFT_COMPILATION_MODE = wholemodule;
				SWIFT_OPTIMIZATION_LEVEL = "-O";
				VALIDATE_PRODUCT = YES;
			};
			name = Release;
		};
		E9F0F840298C451E00935A4C /* Debug */ = {
			isa = XCBuildConfiguration;
			baseConfigurationReference = DF28C28D09AF3D8E91F3F84A /* Pods-SurfTeamTestTask.debug.xcconfig */;
			buildSettings = {
				ASSETCATALOG_COMPILER_APPICON_NAME = AppIcon;
				ASSETCATALOG_COMPILER_GLOBAL_ACCENT_COLOR_NAME = AccentColor;
				CODE_SIGN_STYLE = Automatic;
				CURRENT_PROJECT_VERSION = 1;
				DEVELOPMENT_TEAM = G4T7QK2U75;
				GENERATE_INFOPLIST_FILE = YES;
				INFOPLIST_FILE = SurfTeamTestTask/SupportingFiles/Info.plist;
				INFOPLIST_KEY_UIApplicationSupportsIndirectInputEvents = YES;
				INFOPLIST_KEY_UILaunchStoryboardName = LaunchScreen;
				INFOPLIST_KEY_UISupportedInterfaceOrientations_iPad = "UIInterfaceOrientationPortrait UIInterfaceOrientationPortraitUpsideDown UIInterfaceOrientationLandscapeLeft UIInterfaceOrientationLandscapeRight";
				INFOPLIST_KEY_UISupportedInterfaceOrientations_iPhone = "UIInterfaceOrientationPortrait UIInterfaceOrientationLandscapeLeft UIInterfaceOrientationLandscapeRight";
				LD_RUNPATH_SEARCH_PATHS = (
					"$(inherited)",
					"@executable_path/Frameworks",
				);
				MARKETING_VERSION = 1.0;
				PRODUCT_BUNDLE_IDENTIFIER = SurfTeam.Starovoytov.SurfTeamTestTask;
				PRODUCT_NAME = "$(TARGET_NAME)";
				SWIFT_EMIT_LOC_STRINGS = YES;
				SWIFT_VERSION = 5.0;
				TARGETED_DEVICE_FAMILY = "1,2";
			};
			name = Debug;
		};
		E9F0F841298C451E00935A4C /* Release */ = {
			isa = XCBuildConfiguration;
			baseConfigurationReference = D7FD7BFF7677B582A031BFB4 /* Pods-SurfTeamTestTask.release.xcconfig */;
			buildSettings = {
				ASSETCATALOG_COMPILER_APPICON_NAME = AppIcon;
				ASSETCATALOG_COMPILER_GLOBAL_ACCENT_COLOR_NAME = AccentColor;
				CODE_SIGN_STYLE = Automatic;
				CURRENT_PROJECT_VERSION = 1;
				DEVELOPMENT_TEAM = G4T7QK2U75;
				GENERATE_INFOPLIST_FILE = YES;
				INFOPLIST_FILE = SurfTeamTestTask/SupportingFiles/Info.plist;
				INFOPLIST_KEY_UIApplicationSupportsIndirectInputEvents = YES;
				INFOPLIST_KEY_UILaunchStoryboardName = LaunchScreen;
				INFOPLIST_KEY_UISupportedInterfaceOrientations_iPad = "UIInterfaceOrientationPortrait UIInterfaceOrientationPortraitUpsideDown UIInterfaceOrientationLandscapeLeft UIInterfaceOrientationLandscapeRight";
				INFOPLIST_KEY_UISupportedInterfaceOrientations_iPhone = "UIInterfaceOrientationPortrait UIInterfaceOrientationLandscapeLeft UIInterfaceOrientationLandscapeRight";
				LD_RUNPATH_SEARCH_PATHS = (
					"$(inherited)",
					"@executable_path/Frameworks",
				);
				MARKETING_VERSION = 1.0;
				PRODUCT_BUNDLE_IDENTIFIER = SurfTeam.Starovoytov.SurfTeamTestTask;
				PRODUCT_NAME = "$(TARGET_NAME)";
				SWIFT_EMIT_LOC_STRINGS = YES;
				SWIFT_VERSION = 5.0;
				TARGETED_DEVICE_FAMILY = "1,2";
			};
			name = Release;
		};
/* End XCBuildConfiguration section */

/* Begin XCConfigurationList section */
		E9F0F826298C451D00935A4C /* Build configuration list for PBXProject "SurfTeamTestTask" */ = {
			isa = XCConfigurationList;
			buildConfigurations = (
				E9F0F83D298C451E00935A4C /* Debug */,
				E9F0F83E298C451E00935A4C /* Release */,
			);
			defaultConfigurationIsVisible = 0;
			defaultConfigurationName = Release;
		};
		E9F0F83F298C451E00935A4C /* Build configuration list for PBXNativeTarget "SurfTeamTestTask" */ = {
			isa = XCConfigurationList;
			buildConfigurations = (
				E9F0F840298C451E00935A4C /* Debug */,
				E9F0F841298C451E00935A4C /* Release */,
			);
			defaultConfigurationIsVisible = 0;
			defaultConfigurationName = Release;
		};
/* End XCConfigurationList section */
	};
	rootObject = E9F0F823298C451D00935A4C /* Project object */;
}
